
Microsoft Visual Studio Solution File, Format Version 12.00
# Visual Studio 15
VisualStudioVersion = 15.0.26228.4
MinimumVisualStudioVersion = 10.0.40219.1
Project("{FAE04EC0-301F-11D3-BF4B-00C04F79EFBC}") = "Client", "Client\Client.csproj", "{B654384B-AED5-4E44-9E0D-E7CD5B15EF62}"
EndProject
Project("{FAE04EC0-301F-11D3-BF4B-00C04F79EFBC}") = "PFMSDLL", "PFMSDLL\PFMSDLL.csproj", "{729BDC44-D8EC-447C-B387-93FB2C1DADD0}"
EndProject
Project("{FAE04EC0-301F-11D3-BF4B-00C04F79EFBC}") = "PFMSDLLTests", "PFMSDLLTests\PFMSDLLTests.csproj", "{569F3A76-E785-4498-8E04-A82F47591D87}"
EndProject
Global
	GlobalSection(SolutionConfigurationPlatforms) = preSolution
		Debug|Any CPU = Debug|Any CPU
		Release|Any CPU = Release|Any CPU
	EndGlobalSection
	GlobalSection(ProjectConfigurationPlatforms) = postSolution
		{B654384B-AED5-4E44-9E0D-E7CD5B15EF62}.Debug|Any CPU.ActiveCfg = Debug|Any CPU
		{B654384B-AED5-4E44-9E0D-E7CD5B15EF62}.Debug|Any CPU.Build.0 = Debug|Any CPU
		{B654384B-AED5-4E44-9E0D-E7CD5B15EF62}.Release|Any CPU.ActiveCfg = Release|Any CPU
		{B654384B-AED5-4E44-9E0D-E7CD5B15EF62}.Release|Any CPU.Build.0 = Release|Any CPU
		{729BDC44-D8EC-447C-B387-93FB2C1DADD0}.Debug|Any CPU.ActiveCfg = Debug|Any CPU
		{729BDC44-D8EC-447C-B387-93FB2C1DADD0}.Debug|Any CPU.Build.0 = Debug|Any CPU
		{729BDC44-D8EC-447C-B387-93FB2C1DADD0}.Release|Any CPU.ActiveCfg = Release|Any CPU
		{729BDC44-D8EC-447C-B387-93FB2C1DADD0}.Release|Any CPU.Build.0 = Release|Any CPU
		{569F3A76-E785-4498-8E04-A82F47591D87}.Debug|Any CPU.ActiveCfg = Debug|Any CPU
		{569F3A76-E785-4498-8E04-A82F47591D87}.Debug|Any CPU.Build.0 = Debug|Any CPU
		{569F3A76-E785-4498-8E04-A82F47591D87}.Release|Any CPU.ActiveCfg = Release|Any CPU
		{569F3A76-E785-4498-8E04-A82F47591D87}.Release|Any CPU.Build.0 = Release|Any CPU
	EndGlobalSection
	GlobalSection(SolutionProperties) = preSolution
		HideSolutionNode = FALSE
	EndGlobalSection
EndGlobal
